// !$*UTF8*$!
{
	archiveVersion = 1;
	classes = {
	};
	objectVersion = 50;
	objects = {

/* Begin PBXBuildFile section */
		4D27C18A20FDA948001F1343 /* AppDelegate.swift in Sources */ = {isa = PBXBuildFile; fileRef = 4D27C18920FDA948001F1343 /* AppDelegate.swift */; };
		4D27C18C20FDA948001F1343 /* SortImageWithLyricsViewController.swift in Sources */ = {isa = PBXBuildFile; fileRef = 4D27C18B20FDA948001F1343 /* SortImageWithLyricsViewController.swift */; };
		4D27C18F20FDA948001F1343 /* Main.storyboard in Resources */ = {isa = PBXBuildFile; fileRef = 4D27C18D20FDA948001F1343 /* Main.storyboard */; };
		4D27C19120FDA94C001F1343 /* Assets.xcassets in Resources */ = {isa = PBXBuildFile; fileRef = 4D27C19020FDA94C001F1343 /* Assets.xcassets */; };
		4D27C19420FDA94C001F1343 /* LaunchScreen.storyboard in Resources */ = {isa = PBXBuildFile; fileRef = 4D27C19220FDA94C001F1343 /* LaunchScreen.storyboard */; };
		4D27C19C20FDB023001F1343 /* TableViewCell.xib in Resources */ = {isa = PBXBuildFile; fileRef = 4D27C19B20FDB023001F1343 /* TableViewCell.xib */; };
		4D27C1A120FDF6FD001F1343 /* TableViewCell.swift in Sources */ = {isa = PBXBuildFile; fileRef = 4D27C1A020FDF6FD001F1343 /* TableViewCell.swift */; };
		4D71A8EF2112FA67009CDF77 /* Storyboard+ViewController.swift in Sources */ = {isa = PBXBuildFile; fileRef = 4D71A8EE2112FA67009CDF77 /* Storyboard+ViewController.swift */; };
/* End PBXBuildFile section */

/* Begin PBXFileReference section */
		4D27C18620FDA948001F1343 /* RnDProjectSortImage.app */ = {isa = PBXFileReference; explicitFileType = wrapper.application; includeInIndex = 0; path = RnDProjectSortImage.app; sourceTree = BUILT_PRODUCTS_DIR; };
		4D27C18920FDA948001F1343 /* AppDelegate.swift */ = {isa = PBXFileReference; lastKnownFileType = sourcecode.swift; path = AppDelegate.swift; sourceTree = "<group>"; };
		4D27C18B20FDA948001F1343 /* SortImageWithLyricsViewController.swift */ = {isa = PBXFileReference; lastKnownFileType = sourcecode.swift; path = SortImageWithLyricsViewController.swift; sourceTree = "<group>"; };
		4D27C18E20FDA948001F1343 /* Base */ = {isa = PBXFileReference; lastKnownFileType = file.storyboard; name = Base; path = Base.lproj/Main.storyboard; sourceTree = "<group>"; };
		4D27C19020FDA94C001F1343 /* Assets.xcassets */ = {isa = PBXFileReference; lastKnownFileType = folder.assetcatalog; path = Assets.xcassets; sourceTree = "<group>"; };
		4D27C19320FDA94C001F1343 /* Base */ = {isa = PBXFileReference; lastKnownFileType = file.storyboard; name = Base; path = Base.lproj/LaunchScreen.storyboard; sourceTree = "<group>"; };
		4D27C19520FDA94C001F1343 /* Info.plist */ = {isa = PBXFileReference; lastKnownFileType = text.plist.xml; path = Info.plist; sourceTree = "<group>"; };
		4D27C19B20FDB023001F1343 /* TableViewCell.xib */ = {isa = PBXFileReference; lastKnownFileType = file.xib; path = TableViewCell.xib; sourceTree = "<group>"; };
		4D27C1A020FDF6FD001F1343 /* TableViewCell.swift */ = {isa = PBXFileReference; lastKnownFileType = sourcecode.swift; path = TableViewCell.swift; sourceTree = "<group>"; };
		4D71A8EE2112FA67009CDF77 /* Storyboard+ViewController.swift */ = {isa = PBXFileReference; lastKnownFileType = sourcecode.swift; path = "Storyboard+ViewController.swift"; sourceTree = "<group>"; };
/* End PBXFileReference section */

/* Begin PBXFrameworksBuildPhase section */
		4D27C18320FDA948001F1343 /* Frameworks */ = {
			isa = PBXFrameworksBuildPhase;
			buildActionMask = 2147483647;
			files = (
			);
			runOnlyForDeploymentPostprocessing = 0;
		};
/* End PBXFrameworksBuildPhase section */

/* Begin PBXGroup section */
		4D27C17D20FDA948001F1343 = {
			isa = PBXGroup;
			children = (
				4D27C18820FDA948001F1343 /* RnDProjectSortImage */,
				4D27C18720FDA948001F1343 /* Products */,
			);
			sourceTree = "<group>";
		};
		4D27C18720FDA948001F1343 /* Products */ = {
			isa = PBXGroup;
			children = (
				4D27C18620FDA948001F1343 /* RnDProjectSortImage.app */,
			);
			name = Products;
			sourceTree = "<group>";
		};
		4D27C18820FDA948001F1343 /* RnDProjectSortImage */ = {
			isa = PBXGroup;
			children = (
				4D71A8ED2112FA47009CDF77 /* Extensions */,
				4D27C19D20FDB3D5001F1343 /* Views */,
				4D27C18920FDA948001F1343 /* AppDelegate.swift */,
				4D27C18B20FDA948001F1343 /* SortImageWithLyricsViewController.swift */,
				4D27C19020FDA94C001F1343 /* Assets.xcassets */,
				4D27C19520FDA94C001F1343 /* Info.plist */,
				4D27C1A020FDF6FD001F1343 /* TableViewCell.swift */,
			);
			path = RnDProjectSortImage;
			sourceTree = "<group>";
		};
		4D27C19D20FDB3D5001F1343 /* Views */ = {
			isa = PBXGroup;
			children = (
				4D27C18D20FDA948001F1343 /* Main.storyboard */,
				4D27C19220FDA94C001F1343 /* LaunchScreen.storyboard */,
				4D27C19B20FDB023001F1343 /* TableViewCell.xib */,
			);
			path = Views;
			sourceTree = "<group>";
		};
		4D71A8ED2112FA47009CDF77 /* Extensions */ = {
			isa = PBXGroup;
			children = (
				4D71A8EE2112FA67009CDF77 /* Storyboard+ViewController.swift */,
			);
			path = Extensions;
			sourceTree = "<group>";
		};
/* End PBXGroup section */

/* Begin PBXNativeTarget section */
		4D27C18520FDA948001F1343 /* RnDProjectSortImage */ = {
			isa = PBXNativeTarget;
			buildConfigurationList = 4D27C19820FDA94C001F1343 /* Build configuration list for PBXNativeTarget "RnDProjectSortImage" */;
			buildPhases = (
				4D27C18220FDA948001F1343 /* Sources */,
				4D27C18320FDA948001F1343 /* Frameworks */,
				4D27C18420FDA948001F1343 /* Resources */,
			);
			buildRules = (
			);
			dependencies = (
			);
			name = RnDProjectSortImage;
			productName = RnDProjectSortImage;
			productReference = 4D27C18620FDA948001F1343 /* RnDProjectSortImage.app */;
			productType = "com.apple.product-type.application";
		};
/* End PBXNativeTarget section */

/* Begin PBXProject section */
		4D27C17E20FDA948001F1343 /* Project object */ = {
			isa = PBXProject;
			attributes = {
				LastSwiftUpdateCheck = 0940;
				LastUpgradeCheck = 0940;
				ORGANIZATIONNAME = sulayman;
				TargetAttributes = {
					4D27C18520FDA948001F1343 = {
						CreatedOnToolsVersion = 9.4.1;
					};
				};
			};
			buildConfigurationList = 4D27C18120FDA948001F1343 /* Build configuration list for PBXProject "RnDProjectSortImage" */;
			compatibilityVersion = "Xcode 9.3";
			developmentRegion = en;
			hasScannedForEncodings = 0;
			knownRegions = (
				en,
				Base,
			);
			mainGroup = 4D27C17D20FDA948001F1343;
			productRefGroup = 4D27C18720FDA948001F1343 /* Products */;
			projectDirPath = "";
			projectRoot = "";
			targets = (
				4D27C18520FDA948001F1343 /* RnDProjectSortImage */,
			);
		};
/* End PBXProject section */

/* Begin PBXResourcesBuildPhase section */
		4D27C18420FDA948001F1343 /* Resources */ = {
			isa = PBXResourcesBuildPhase;
			buildActionMask = 2147483647;
			files = (
				4D27C19420FDA94C001F1343 /* LaunchScreen.storyboard in Resources */,
				4D27C19C20FDB023001F1343 /* TableViewCell.xib in Resources */,
				4D27C19120FDA94C001F1343 /* Assets.xcassets in Resources */,
				4D27C18F20FDA948001F1343 /* Main.storyboard in Resources */,
			);
			runOnlyForDeploymentPostprocessing = 0;
		};
/* End PBXResourcesBuildPhase section */

/* Begin PBXSourcesBuildPhase section */
		4D27C18220FDA948001F1343 /* Sources */ = {
			isa = PBXSourcesBuildPhase;
			buildActionMask = 2147483647;
			files = (
				4D27C18C20FDA948001F1343 /* SortImageWithLyricsViewController.swift in Sources */,
				4D71A8EF2112FA67009CDF77 /* Storyboard+ViewController.swift in Sources */,
				4D27C18A20FDA948001F1343 /* AppDelegate.swift in Sources */,
				4D27C1A120FDF6FD001F1343 /* TableViewCell.swift in Sources */,
			);
			runOnlyForDeploymentPostprocessing = 0;
		};
/* End PBXSourcesBuildPhase section */

/* Begin PBXVariantGroup section */
		4D27C18D20FDA948001F1343 /* Main.storyboard */ = {
			isa = PBXVariantGroup;
			children = (
				4D27C18E20FDA948001F1343 /* Base */,
			);
			name = Main.storyboard;
			sourceTree = "<group>";
		};
		4D27C19220FDA94C001F1343 /* LaunchScreen.storyboard */ = {
			isa = PBXVariantGroup;
			children = (
				4D27C19320FDA94C001F1343 /* Base */,
			);
			name = LaunchScreen.storyboard;
			sourceTree = "<group>";
		};
/* End PBXVariantGroup section */

/* Begin XCBuildConfiguration section */
		4D27C19620FDA94C001F1343 /* Debug */ = {
			isa = XCBuildConfiguration;
			buildSettings = {
				ALWAYS_SEARCH_USER_PATHS = NO;
				CLANG_ANALYZER_NONNULL = YES;
				CLANG_ANALYZER_NUMBER_OBJECT_CONVERSION = YES_AGGRESSIVE;
				CLANG_CXX_LANGUAGE_STANDARD = "gnu++14";
				CLANG_CXX_LIBRARY = "libc++";
				CLANG_ENABLE_MODULES = YES;
				CLANG_ENABLE_OBJC_ARC = YES;
				CLANG_ENABLE_OBJC_WEAK = YES;
				CLANG_WARN_BLOCK_CAPTURE_AUTORELEASING = YES;
				CLANG_WARN_BOOL_CONVERSION = YES;
				CLANG_WARN_COMMA = YES;
				CLANG_WARN_CONSTANT_CONVERSION = YES;
				CLANG_WARN_DEPRECATED_OBJC_IMPLEMENTATIONS = YES;
				CLANG_WARN_DIRECT_OBJC_ISA_USAGE = YES_ERROR;
				CLANG_WARN_DOCUMENTATION_COMMENTS = YES;
				CLANG_WARN_EMPTY_BODY = YES;
				CLANG_WARN_ENUM_CONVERSION = YES;
				CLANG_WARN_INFINITE_RECURSION = YES;
				CLANG_WARN_INT_CONVERSION = YES;
				CLANG_WARN_NON_LITERAL_NULL_CONVERSION = YES;
				CLANG_WARN_OBJC_IMPLICIT_RETAIN_SELF = YES;
				CLANG_WARN_OBJC_LITERAL_CONVERSION = YES;
				CLANG_WARN_OBJC_ROOT_CLASS = YES_ERROR;
				CLANG_WARN_RANGE_LOOP_ANALYSIS = YES;
				CLANG_WARN_STRICT_PROTOTYPES = YES;
				CLANG_WARN_SUSPICIOUS_MOVE = YES;
				CLANG_WARN_UNGUARDED_AVAILABILITY = YES_AGGRESSIVE;
				CLANG_WARN_UNREACHABLE_CODE = YES;
				CLANG_WARN__DUPLICATE_METHOD_MATCH = YES;
				CODE_SIGN_IDENTITY = "iPhone Developer";
				COPY_PHASE_STRIP = NO;
				DEBUG_INFORMATION_FORMAT = dwarf;
				ENABLE_STRICT_OBJC_MSGSEND = YES;
				ENABLE_TESTABILITY = YES;
				GCC_C_LANGUAGE_STANDARD = gnu11;
				GCC_DYNAMIC_NO_PIC = NO;
				GCC_NO_COMMON_BLOCKS = YES;
				GCC_OPTIMIZATION_LEVEL = 0;
				GCC_PREPROCESSOR_DEFINITIONS = (
					"DEBUG=1",
					"$(inherited)",
				);
				GCC_WARN_64_TO_32_BIT_CONVERSION = YES;
				GCC_WARN_ABOUT_RETURN_TYPE = YES_ERROR;
				GCC_WARN_UNDECLARED_SELECTOR = YES;
				GCC_WARN_UNINITIALIZED_AUTOS = YES_AGGRESSIVE;
				GCC_WARN_UNUSED_FUNCTION = YES;
				GCC_WARN_UNUSED_VARIABLE = YES;
				IPHONEOS_DEPLOYMENT_TARGET = 11.4;
				MTL_ENABLE_DEBUG_INFO = YES;
				ONLY_ACTIVE_ARCH = YES;
				SDKROOT = iphoneos;
				SWIFT_ACTIVE_COMPILATION_CONDITIONS = DEBUG;
				SWIFT_OPTIMIZATION_LEVEL = "-Onone";
			};
			name = Debug;
		};
		4D27C19720FDA94C001F1343 /* Release */ = {
			isa = XCBuildConfiguration;
			buildSettings = {
				ALWAYS_SEARCH_USER_PATHS = NO;
				CLANG_ANALYZER_NONNULL = YES;
				CLANG_ANALYZER_NUMBER_OBJECT_CONVERSION = YES_AGGRESSIVE;
				CLANG_CXX_LANGUAGE_STANDARD = "gnu++14";
				CLANG_CXX_LIBRARY = "libc++";
				CLANG_ENABLE_MODULES = YES;
				CLANG_ENABLE_OBJC_ARC = YES;
				CLANG_ENABLE_OBJC_WEAK = YES;
				CLANG_WARN_BLOCK_CAPTURE_AUTORELEASING = YES;
				CLANG_WARN_BOOL_CONVERSION = YES;
				CLANG_WARN_COMMA = YES;
				CLANG_WARN_CONSTANT_CONVERSION = YES;
				CLANG_WARN_DEPRECATED_OBJC_IMPLEMENTATIONS = YES;
				CLANG_WARN_DIRECT_OBJC_ISA_USAGE = YES_ERROR;
				CLANG_WARN_DOCUMENTATION_COMMENTS = YES;
				CLANG_WARN_EMPTY_BODY = YES;
				CLANG_WARN_ENUM_CONVERSION = YES;
				CLANG_WARN_INFINITE_RECURSION = YES;
				CLANG_WARN_INT_CONVERSION = YES;
				CLANG_WARN_NON_LITERAL_NULL_CONVERSION = YES;
				CLANG_WARN_OBJC_IMPLICIT_RETAIN_SELF = YES;
				CLANG_WARN_OBJC_LITERAL_CONVERSION = YES;
				CLANG_WARN_OBJC_ROOT_CLASS = YES_ERROR;
				CLANG_WARN_RANGE_LOOP_ANALYSIS = YES;
				CLANG_WARN_STRICT_PROTOTYPES = YES;
				CLANG_WARN_SUSPICIOUS_MOVE = YES;
				CLANG_WARN_UNGUARDED_AVAILABILITY = YES_AGGRESSIVE;
				CLANG_WARN_UNREACHABLE_CODE = YES;
				CLANG_WARN__DUPLICATE_METHOD_MATCH = YES;
				CODE_SIGN_IDENTITY = "iPhone Developer";
				COPY_PHASE_STRIP = NO;
				DEBUG_INFORMATION_FORMAT = "dwarf-with-dsym";
				ENABLE_NS_ASSERTIONS = NO;
				ENABLE_STRICT_OBJC_MSGSEND = YES;
				GCC_C_LANGUAGE_STANDARD = gnu11;
				GCC_NO_COMMON_BLOCKS = YES;
				GCC_WARN_64_TO_32_BIT_CONVERSION = YES;
				GCC_WARN_ABOUT_RETURN_TYPE = YES_ERROR;
				GCC_WARN_UNDECLARED_SELECTOR = YES;
				GCC_WARN_UNINITIALIZED_AUTOS = YES_AGGRESSIVE;
				GCC_WARN_UNUSED_FUNCTION = YES;
				GCC_WARN_UNUSED_VARIABLE = YES;
				IPHONEOS_DEPLOYMENT_TARGET = 11.4;
				MTL_ENABLE_DEBUG_INFO = NO;
				SDKROOT = iphoneos;
				SWIFT_COMPILATION_MODE = wholemodule;
				SWIFT_OPTIMIZATION_LEVEL = "-O";
				VALIDATE_PRODUCT = YES;
			};
			name = Release;
		};
		4D27C19920FDA94C001F1343 /* Debug */ = {
			isa = XCBuildConfiguration;
			buildSettings = {
				ASSETCATALOG_COMPILER_APPICON_NAME = AppIcon;
				CODE_SIGN_STYLE = Automatic;
				DEVELOPMENT_TEAM = C2Y54NGRZW;
				INFOPLIST_FILE = RnDProjectSortImage/Info.plist;
				IPHONEOS_DEPLOYMENT_TARGET = 8.0;
				LD_RUNPATH_SEARCH_PATHS = (
					"$(inherited)",
					"@executable_path/Frameworks",
				);
				PRODUCT_BUNDLE_IDENTIFIER = com.monstarlabbd.RnDProjectSortImage;
				PRODUCT_NAME = "$(TARGET_NAME)";
				SWIFT_VERSION = 4.0;
				TARGETED_DEVICE_FAMILY = "1,2";
			};
			name = Debug;
		};
		4D27C19A20FDA94C001F1343 /* Release */ = {
			isa = XCBuildConfiguration;
			buildSettings = {
				ASSETCATALOG_COMPILER_APPICON_NAME = AppIcon;
				CODE_SIGN_STYLE = Automatic;
				DEVELOPMENT_TEAM = C2Y54NGRZW;
				INFOPLIST_FILE = RnDProjectSortImage/Info.plist;
				IPHONEOS_DEPLOYMENT_TARGET = 8.0;
				LD_RUNPATH_SEARCH_PATHS = (
					"$(inherited)",
					"@executable_path/Frameworks",
				);
				PRODUCT_BUNDLE_IDENTIFIER = com.monstarlabbd.RnDProjectSortImage;
				PRODUCT_NAME = "$(TARGET_NAME)";
				SWIFT_VERSION = 4.0;
				TARGETED_DEVICE_FAMILY = "1,2";
			};
			name = Release;
		};
/* End XCBuildConfiguration section */

/* Begin XCConfigurationList section */
		4D27C18120FDA948001F1343 /* Build configuration list for PBXProject "RnDProjectSortImage" */ = {
			isa = XCConfigurationList;
			buildConfigurations = (
				4D27C19620FDA94C001F1343 /* Debug */,
				4D27C19720FDA94C001F1343 /* Release */,
			);
			defaultConfigurationIsVisible = 0;
			defaultConfigurationName = Release;
		};
		4D27C19820FDA94C001F1343 /* Build configuration list for PBXNativeTarget "RnDProjectSortImage" */ = {
			isa = XCConfigurationList;
			buildConfigurations = (
				4D27C19920FDA94C001F1343 /* Debug */,
				4D27C19A20FDA94C001F1343 /* Release */,
			);
			defaultConfigurationIsVisible = 0;
			defaultConfigurationName = Release;
		};
/* End XCConfigurationList section */
	};
	rootObject = 4D27C17E20FDA948001F1343 /* Project object */;
}
